// !$*UTF8*$!
{
	archiveVersion = 1;
	classes = {
	};
	objectVersion = 48;
	objects = {

/* Begin PBXBuildFile section */
		10133AB62008FE0E00FB085E /* GroupCell.swift in Sources */ = {isa = PBXBuildFile; fileRef = 10133AB52008FE0E00FB085E /* GroupCell.swift */; };
		10133AB82009018300FB085E /* Group.swift in Sources */ = {isa = PBXBuildFile; fileRef = 10133AB72009018300FB085E /* Group.swift */; };
		103505BA2009089B00B31FAF /* GroupFeedCell.swift in Sources */ = {isa = PBXBuildFile; fileRef = 103505B92009089B00B31FAF /* GroupFeedCell.swift */; };
		103505BC2009090B00B31FAF /* GroupFeedVC.swift in Sources */ = {isa = PBXBuildFile; fileRef = 103505BB2009090B00B31FAF /* GroupFeedVC.swift */; };
		1046624D2007DDAF002DDAF7 /* CreateGroupsVC.swift in Sources */ = {isa = PBXBuildFile; fileRef = 1046624C2007DDAF002DDAF7 /* CreateGroupsVC.swift */; };
		1046624F2007E109002DDAF7 /* UserCell.swift in Sources */ = {isa = PBXBuildFile; fileRef = 1046624E2007E109002DDAF7 /* UserCell.swift */; };
		10A66B91200506340015F8E5 /* MeVC.swift in Sources */ = {isa = PBXBuildFile; fileRef = 10A66B90200506340015F8E5 /* MeVC.swift */; };
		10A66B93200509CA0015F8E5 /* CreatePostVC.swift in Sources */ = {isa = PBXBuildFile; fileRef = 10A66B92200509CA0015F8E5 /* CreatePostVC.swift */; };
		10A66B9520050C680015F8E5 /* UIViewExt.swift in Sources */ = {isa = PBXBuildFile; fileRef = 10A66B9420050C680015F8E5 /* UIViewExt.swift */; };
		10A66B972005129B0015F8E5 /* FeedCell.swift in Sources */ = {isa = PBXBuildFile; fileRef = 10A66B962005129B0015F8E5 /* FeedCell.swift */; };
		10A66B99200513A00015F8E5 /* Message.swift in Sources */ = {isa = PBXBuildFile; fileRef = 10A66B98200513A00015F8E5 /* Message.swift */; };
		10CFD94E2004CECC0038905C /* AppDelegate.swift in Sources */ = {isa = PBXBuildFile; fileRef = 10CFD94D2004CECC0038905C /* AppDelegate.swift */; };
		10CFD9502004CECC0038905C /* FeedVC.swift in Sources */ = {isa = PBXBuildFile; fileRef = 10CFD94F2004CECC0038905C /* FeedVC.swift */; };
		10CFD9522004CECC0038905C /* GroupsVC.swift in Sources */ = {isa = PBXBuildFile; fileRef = 10CFD9512004CECC0038905C /* GroupsVC.swift */; };
		10CFD9552004CECC0038905C /* Main.storyboard in Resources */ = {isa = PBXBuildFile; fileRef = 10CFD9532004CECC0038905C /* Main.storyboard */; };
		10CFD9572004CECC0038905C /* Assets.xcassets in Resources */ = {isa = PBXBuildFile; fileRef = 10CFD9562004CECC0038905C /* Assets.xcassets */; };
		10CFD95A2004CECC0038905C /* LaunchScreen.storyboard in Resources */ = {isa = PBXBuildFile; fileRef = 10CFD9582004CECC0038905C /* LaunchScreen.storyboard */; };
		10CFD9672004D10B0038905C /* GoogleService-Info.plist in Resources */ = {isa = PBXBuildFile; fileRef = 10CFD9662004D10B0038905C /* GoogleService-Info.plist */; };
		10D500362004D8E50064B348 /* DataService.swift in Sources */ = {isa = PBXBuildFile; fileRef = 10D500352004D8E50064B348 /* DataService.swift */; };
		10D500382004E19C0064B348 /* AuthVC.swift in Sources */ = {isa = PBXBuildFile; fileRef = 10D500372004E19C0064B348 /* AuthVC.swift */; };
		10D5003A2004E1A70064B348 /* LoginVC.swift in Sources */ = {isa = PBXBuildFile; fileRef = 10D500392004E1A70064B348 /* LoginVC.swift */; };
		10D5003C2004E20D0064B348 /* InsetTextField.swift in Sources */ = {isa = PBXBuildFile; fileRef = 10D5003B2004E20C0064B348 /* InsetTextField.swift */; };
		10D5003E2004E4260064B348 /* ShadowView.swift in Sources */ = {isa = PBXBuildFile; fileRef = 10D5003D2004E4260064B348 /* ShadowView.swift */; };
		10D500402004E54D0064B348 /* AuthService.swift in Sources */ = {isa = PBXBuildFile; fileRef = 10D5003F2004E54D0064B348 /* AuthService.swift */; };
		D7B2EF04C02D49737A1628D4 /* Pods_Breakpoint.framework in Frameworks */ = {isa = PBXBuildFile; fileRef = 48FB48C4CC51207352316DC1 /* Pods_Breakpoint.framework */; };
/* End PBXBuildFile section */

/* Begin PBXFileReference section */
		10133AB52008FE0E00FB085E /* GroupCell.swift */ = {isa = PBXFileReference; lastKnownFileType = sourcecode.swift; path = GroupCell.swift; sourceTree = "<group>"; };
		10133AB72009018300FB085E /* Group.swift */ = {isa = PBXFileReference; lastKnownFileType = sourcecode.swift; path = Group.swift; sourceTree = "<group>"; };
		103505B92009089B00B31FAF /* GroupFeedCell.swift */ = {isa = PBXFileReference; lastKnownFileType = sourcecode.swift; path = GroupFeedCell.swift; sourceTree = "<group>"; };
		103505BB2009090B00B31FAF /* GroupFeedVC.swift */ = {isa = PBXFileReference; lastKnownFileType = sourcecode.swift; path = GroupFeedVC.swift; sourceTree = "<group>"; };
		1046624C2007DDAF002DDAF7 /* CreateGroupsVC.swift */ = {isa = PBXFileReference; lastKnownFileType = sourcecode.swift; path = CreateGroupsVC.swift; sourceTree = "<group>"; };
		1046624E2007E109002DDAF7 /* UserCell.swift */ = {isa = PBXFileReference; lastKnownFileType = sourcecode.swift; path = UserCell.swift; sourceTree = "<group>"; };
		10A66B90200506340015F8E5 /* MeVC.swift */ = {isa = PBXFileReference; lastKnownFileType = sourcecode.swift; path = MeVC.swift; sourceTree = "<group>"; };
		10A66B92200509CA0015F8E5 /* CreatePostVC.swift */ = {isa = PBXFileReference; lastKnownFileType = sourcecode.swift; path = CreatePostVC.swift; sourceTree = "<group>"; };
		10A66B9420050C680015F8E5 /* UIViewExt.swift */ = {isa = PBXFileReference; lastKnownFileType = sourcecode.swift; path = UIViewExt.swift; sourceTree = "<group>"; };
		10A66B962005129B0015F8E5 /* FeedCell.swift */ = {isa = PBXFileReference; lastKnownFileType = sourcecode.swift; path = FeedCell.swift; sourceTree = "<group>"; };
		10A66B98200513A00015F8E5 /* Message.swift */ = {isa = PBXFileReference; lastKnownFileType = sourcecode.swift; path = Message.swift; sourceTree = "<group>"; };
		10CFD94A2004CECC0038905C /* Breakpoint.app */ = {isa = PBXFileReference; explicitFileType = wrapper.application; includeInIndex = 0; path = Breakpoint.app; sourceTree = BUILT_PRODUCTS_DIR; };
		10CFD94D2004CECC0038905C /* AppDelegate.swift */ = {isa = PBXFileReference; lastKnownFileType = sourcecode.swift; path = AppDelegate.swift; sourceTree = "<group>"; };
		10CFD94F2004CECC0038905C /* FeedVC.swift */ = {isa = PBXFileReference; lastKnownFileType = sourcecode.swift; path = FeedVC.swift; sourceTree = "<group>"; };
		10CFD9512004CECC0038905C /* GroupsVC.swift */ = {isa = PBXFileReference; lastKnownFileType = sourcecode.swift; path = GroupsVC.swift; sourceTree = "<group>"; };
		10CFD9542004CECC0038905C /* Base */ = {isa = PBXFileReference; lastKnownFileType = file.storyboard; name = Base; path = Base.lproj/Main.storyboard; sourceTree = "<group>"; };
		10CFD9562004CECC0038905C /* Assets.xcassets */ = {isa = PBXFileReference; lastKnownFileType = folder.assetcatalog; path = Assets.xcassets; sourceTree = "<group>"; };
		10CFD9592004CECC0038905C /* Base */ = {isa = PBXFileReference; lastKnownFileType = file.storyboard; name = Base; path = Base.lproj/LaunchScreen.storyboard; sourceTree = "<group>"; };
		10CFD95B2004CECC0038905C /* Info.plist */ = {isa = PBXFileReference; lastKnownFileType = text.plist.xml; path = Info.plist; sourceTree = "<group>"; };
		10CFD9662004D10B0038905C /* GoogleService-Info.plist */ = {isa = PBXFileReference; fileEncoding = 4; lastKnownFileType = text.plist.xml; path = "GoogleService-Info.plist"; sourceTree = "<group>"; };
		10D500352004D8E50064B348 /* DataService.swift */ = {isa = PBXFileReference; lastKnownFileType = sourcecode.swift; path = DataService.swift; sourceTree = "<group>"; };
		10D500372004E19C0064B348 /* AuthVC.swift */ = {isa = PBXFileReference; lastKnownFileType = sourcecode.swift; path = AuthVC.swift; sourceTree = "<group>"; };
		10D500392004E1A70064B348 /* LoginVC.swift */ = {isa = PBXFileReference; lastKnownFileType = sourcecode.swift; path = LoginVC.swift; sourceTree = "<group>"; };
		10D5003B2004E20C0064B348 /* InsetTextField.swift */ = {isa = PBXFileReference; lastKnownFileType = sourcecode.swift; path = InsetTextField.swift; sourceTree = "<group>"; };
		10D5003D2004E4260064B348 /* ShadowView.swift */ = {isa = PBXFileReference; lastKnownFileType = sourcecode.swift; path = ShadowView.swift; sourceTree = "<group>"; };
		10D5003F2004E54D0064B348 /* AuthService.swift */ = {isa = PBXFileReference; lastKnownFileType = sourcecode.swift; path = AuthService.swift; sourceTree = "<group>"; };
		48FB48C4CC51207352316DC1 /* Pods_Breakpoint.framework */ = {isa = PBXFileReference; explicitFileType = wrapper.framework; includeInIndex = 0; path = Pods_Breakpoint.framework; sourceTree = BUILT_PRODUCTS_DIR; };
		6CE967A9293186139A0AC57F /* Pods-Breakpoint.release.xcconfig */ = {isa = PBXFileReference; includeInIndex = 1; lastKnownFileType = text.xcconfig; name = "Pods-Breakpoint.release.xcconfig"; path = "Pods/Target Support Files/Pods-Breakpoint/Pods-Breakpoint.release.xcconfig"; sourceTree = "<group>"; };
		E8551B58A81725C46B2D4DB4 /* Pods-Breakpoint.debug.xcconfig */ = {isa = PBXFileReference; includeInIndex = 1; lastKnownFileType = text.xcconfig; name = "Pods-Breakpoint.debug.xcconfig"; path = "Pods/Target Support Files/Pods-Breakpoint/Pods-Breakpoint.debug.xcconfig"; sourceTree = "<group>"; };
/* End PBXFileReference section */

/* Begin PBXFrameworksBuildPhase section */
		10CFD9472004CECC0038905C /* Frameworks */ = {
			isa = PBXFrameworksBuildPhase;
			buildActionMask = 2147483647;
			files = (
				D7B2EF04C02D49737A1628D4 /* Pods_Breakpoint.framework in Frameworks */,
			);
			runOnlyForDeploymentPostprocessing = 0;
		};
/* End PBXFrameworksBuildPhase section */

/* Begin PBXGroup section */
		10CFD9412004CECC0038905C = {
			isa = PBXGroup;
			children = (
				10CFD94C2004CECC0038905C /* Breakpoint */,
				10CFD94B2004CECC0038905C /* Products */,
				6EA435880F8A75C6784785E7 /* Pods */,
				B1B2EA115F564CF18DD388FD /* Frameworks */,
			);
			sourceTree = "<group>";
		};
		10CFD94B2004CECC0038905C /* Products */ = {
			isa = PBXGroup;
			children = (
				10CFD94A2004CECC0038905C /* Breakpoint.app */,
			);
			name = Products;
			sourceTree = "<group>";
		};
		10CFD94C2004CECC0038905C /* Breakpoint */ = {
			isa = PBXGroup;
			children = (
				10CFD9652004CF6C0038905C /* Services */,
				10CFD9642004CF4B0038905C /* Extensions */,
				10CFD9622004CF2E0038905C /* Model */,
				10CFD9632004CF330038905C /* View */,
				10CFD9612004CF1B0038905C /* Controller */,
				10CFD94D2004CECC0038905C /* AppDelegate.swift */,
				10CFD9532004CECC0038905C /* Main.storyboard */,
				10CFD9562004CECC0038905C /* Assets.xcassets */,
				10CFD9582004CECC0038905C /* LaunchScreen.storyboard */,
				10CFD95B2004CECC0038905C /* Info.plist */,
				10CFD9662004D10B0038905C /* GoogleService-Info.plist */,
			);
			path = Breakpoint;
			sourceTree = "<group>";
		};
		10CFD9612004CF1B0038905C /* Controller */ = {
			isa = PBXGroup;
			children = (
				10CFD94F2004CECC0038905C /* FeedVC.swift */,
				10CFD9512004CECC0038905C /* GroupsVC.swift */,
				10D500372004E19C0064B348 /* AuthVC.swift */,
				10D500392004E1A70064B348 /* LoginVC.swift */,
				10A66B90200506340015F8E5 /* MeVC.swift */,
				10A66B92200509CA0015F8E5 /* CreatePostVC.swift */,
				1046624C2007DDAF002DDAF7 /* CreateGroupsVC.swift */,
				103505BB2009090B00B31FAF /* GroupFeedVC.swift */,
			);
			path = Controller;
			sourceTree = "<group>";
		};
		10CFD9622004CF2E0038905C /* Model */ = {
			isa = PBXGroup;
			children = (
				10A66B98200513A00015F8E5 /* Message.swift */,
				10133AB72009018300FB085E /* Group.swift */,
			);
			path = Model;
			sourceTree = "<group>";
		};
		10CFD9632004CF330038905C /* View */ = {
			isa = PBXGroup;
			children = (
				10D5003B2004E20C0064B348 /* InsetTextField.swift */,
				10D5003D2004E4260064B348 /* ShadowView.swift */,
				10A66B962005129B0015F8E5 /* FeedCell.swift */,
				1046624E2007E109002DDAF7 /* UserCell.swift */,
				10133AB52008FE0E00FB085E /* GroupCell.swift */,
				103505B92009089B00B31FAF /* GroupFeedCell.swift */,
			);
			path = View;
			sourceTree = "<group>";
		};
		10CFD9642004CF4B0038905C /* Extensions */ = {
			isa = PBXGroup;
			children = (
				10A66B9420050C680015F8E5 /* UIViewExt.swift */,
			);
			path = Extensions;
			sourceTree = "<group>";
		};
		10CFD9652004CF6C0038905C /* Services */ = {
			isa = PBXGroup;
			children = (
				10D500352004D8E50064B348 /* DataService.swift */,
				10D5003F2004E54D0064B348 /* AuthService.swift */,
			);
			path = Services;
			sourceTree = "<group>";
		};
		6EA435880F8A75C6784785E7 /* Pods */ = {
			isa = PBXGroup;
			children = (
				E8551B58A81725C46B2D4DB4 /* Pods-Breakpoint.debug.xcconfig */,
				6CE967A9293186139A0AC57F /* Pods-Breakpoint.release.xcconfig */,
			);
			name = Pods;
			sourceTree = "<group>";
		};
		B1B2EA115F564CF18DD388FD /* Frameworks */ = {
			isa = PBXGroup;
			children = (
				48FB48C4CC51207352316DC1 /* Pods_Breakpoint.framework */,
			);
			name = Frameworks;
			sourceTree = "<group>";
		};
/* End PBXGroup section */

/* Begin PBXNativeTarget section */
		10CFD9492004CECC0038905C /* Breakpoint */ = {
			isa = PBXNativeTarget;
			buildConfigurationList = 10CFD95E2004CECC0038905C /* Build configuration list for PBXNativeTarget "Breakpoint" */;
			buildPhases = (
				BF0F8E3E2863E102982881EF /* [CP] Check Pods Manifest.lock */,
				10CFD9462004CECC0038905C /* Sources */,
				10CFD9472004CECC0038905C /* Frameworks */,
				10CFD9482004CECC0038905C /* Resources */,
				02813E678814FA528E89C527 /* [CP] Embed Pods Frameworks */,
				528C7A5401B5B468F52D0713 /* [CP] Copy Pods Resources */,
			);
			buildRules = (
			);
			dependencies = (
			);
			name = Breakpoint;
			productName = Breakpoint;
			productReference = 10CFD94A2004CECC0038905C /* Breakpoint.app */;
			productType = "com.apple.product-type.application";
		};
/* End PBXNativeTarget section */

/* Begin PBXProject section */
		10CFD9422004CECC0038905C /* Project object */ = {
			isa = PBXProject;
			attributes = {
				LastSwiftUpdateCheck = 0920;
				LastUpgradeCheck = 0920;
				ORGANIZATIONNAME = "Hayden Jamieson";
				TargetAttributes = {
					10CFD9492004CECC0038905C = {
						CreatedOnToolsVersion = 9.2;
						ProvisioningStyle = Automatic;
					};
				};
			};
			buildConfigurationList = 10CFD9452004CECC0038905C /* Build configuration list for PBXProject "Breakpoint" */;
			compatibilityVersion = "Xcode 8.0";
			developmentRegion = en;
			hasScannedForEncodings = 0;
			knownRegions = (
				en,
				Base,
			);
			mainGroup = 10CFD9412004CECC0038905C;
			productRefGroup = 10CFD94B2004CECC0038905C /* Products */;
			projectDirPath = "";
			projectRoot = "";
			targets = (
				10CFD9492004CECC0038905C /* Breakpoint */,
			);
		};
/* End PBXProject section */

/* Begin PBXResourcesBuildPhase section */
		10CFD9482004CECC0038905C /* Resources */ = {
			isa = PBXResourcesBuildPhase;
			buildActionMask = 2147483647;
			files = (
				10CFD95A2004CECC0038905C /* LaunchScreen.storyboard in Resources */,
				10CFD9672004D10B0038905C /* GoogleService-Info.plist in Resources */,
				10CFD9572004CECC0038905C /* Assets.xcassets in Resources */,
				10CFD9552004CECC0038905C /* Main.storyboard in Resources */,
			);
			runOnlyForDeploymentPostprocessing = 0;
		};
/* End PBXResourcesBuildPhase section */

/* Begin PBXShellScriptBuildPhase section */
		02813E678814FA528E89C527 /* [CP] Embed Pods Frameworks */ = {
			isa = PBXShellScriptBuildPhase;
			buildActionMask = 2147483647;
			files = (
			);
			inputPaths = (
				"${SRCROOT}/Pods/Target Support Files/Pods-Breakpoint/Pods-Breakpoint-frameworks.sh",
				"${BUILT_PRODUCTS_DIR}/GTMSessionFetcher/GTMSessionFetcher.framework",
				"${BUILT_PRODUCTS_DIR}/GoogleToolboxForMac/GoogleToolboxForMac.framework",
				"${BUILT_PRODUCTS_DIR}/leveldb-library/leveldb.framework",
				"${BUILT_PRODUCTS_DIR}/nanopb/nanopb.framework",
			);
			name = "[CP] Embed Pods Frameworks";
			outputPaths = (
				"${TARGET_BUILD_DIR}/${FRAMEWORKS_FOLDER_PATH}/GTMSessionFetcher.framework",
				"${TARGET_BUILD_DIR}/${FRAMEWORKS_FOLDER_PATH}/GoogleToolboxForMac.framework",
				"${TARGET_BUILD_DIR}/${FRAMEWORKS_FOLDER_PATH}/leveldb.framework",
				"${TARGET_BUILD_DIR}/${FRAMEWORKS_FOLDER_PATH}/nanopb.framework",
			);
			runOnlyForDeploymentPostprocessing = 0;
			shellPath = /bin/sh;
			shellScript = "\"${SRCROOT}/Pods/Target Support Files/Pods-Breakpoint/Pods-Breakpoint-frameworks.sh\"\n";
			showEnvVarsInLog = 0;
		};
		528C7A5401B5B468F52D0713 /* [CP] Copy Pods Resources */ = {
			isa = PBXShellScriptBuildPhase;
			buildActionMask = 2147483647;
			files = (
			);
			inputPaths = (
			);
			name = "[CP] Copy Pods Resources";
			outputPaths = (
			);
			runOnlyForDeploymentPostprocessing = 0;
			shellPath = /bin/sh;
			shellScript = "\"${SRCROOT}/Pods/Target Support Files/Pods-Breakpoint/Pods-Breakpoint-resources.sh\"\n";
			showEnvVarsInLog = 0;
		};
		BF0F8E3E2863E102982881EF /* [CP] Check Pods Manifest.lock */ = {
			isa = PBXShellScriptBuildPhase;
			buildActionMask = 2147483647;
			files = (
			);
			inputPaths = (
				"${PODS_PODFILE_DIR_PATH}/Podfile.lock",
				"${PODS_ROOT}/Manifest.lock",
			);
			name = "[CP] Check Pods Manifest.lock";
			outputPaths = (
				"$(DERIVED_FILE_DIR)/Pods-Breakpoint-checkManifestLockResult.txt",
			);
			runOnlyForDeploymentPostprocessing = 0;
			shellPath = /bin/sh;
			shellScript = "diff \"${PODS_PODFILE_DIR_PATH}/Podfile.lock\" \"${PODS_ROOT}/Manifest.lock\" > /dev/null\nif [ $? != 0 ] ; then\n    # print error to STDERR\n    echo \"error: The sandbox is not in sync with the Podfile.lock. Run 'pod install' or update your CocoaPods installation.\" >&2\n    exit 1\nfi\n# This output is used by Xcode 'outputs' to avoid re-running this script phase.\necho \"SUCCESS\" > \"${SCRIPT_OUTPUT_FILE_0}\"\n";
			showEnvVarsInLog = 0;
		};
/* End PBXShellScriptBuildPhase section */

/* Begin PBXSourcesBuildPhase section */
		10CFD9462004CECC0038905C /* Sources */ = {
			isa = PBXSourcesBuildPhase;
			buildActionMask = 2147483647;
			files = (
				10A66B9520050C680015F8E5 /* UIViewExt.swift in Sources */,
				10A66B972005129B0015F8E5 /* FeedCell.swift in Sources */,
				10A66B91200506340015F8E5 /* MeVC.swift in Sources */,
				10133AB62008FE0E00FB085E /* GroupCell.swift in Sources */,
				10D500382004E19C0064B348 /* AuthVC.swift in Sources */,
				10CFD9522004CECC0038905C /* GroupsVC.swift in Sources */,
				103505BC2009090B00B31FAF /* GroupFeedVC.swift in Sources */,
				103505BA2009089B00B31FAF /* GroupFeedCell.swift in Sources */,
				10D5003A2004E1A70064B348 /* LoginVC.swift in Sources */,
				10CFD94E2004CECC0038905C /* AppDelegate.swift in Sources */,
				1046624D2007DDAF002DDAF7 /* CreateGroupsVC.swift in Sources */,
				10133AB82009018300FB085E /* Group.swift in Sources */,
				1046624F2007E109002DDAF7 /* UserCell.swift in Sources */,
				10D5003E2004E4260064B348 /* ShadowView.swift in Sources */,
				10CFD9502004CECC0038905C /* FeedVC.swift in Sources */,
				10A66B93200509CA0015F8E5 /* CreatePostVC.swift in Sources */,
				10D500402004E54D0064B348 /* AuthService.swift in Sources */,
				10D5003C2004E20D0064B348 /* InsetTextField.swift in Sources */,
				10D500362004D8E50064B348 /* DataService.swift in Sources */,
				10A66B99200513A00015F8E5 /* Message.swift in Sources */,
			);
			runOnlyForDeploymentPostprocessing = 0;
		};
/* End PBXSourcesBuildPhase section */

/* Begin PBXVariantGroup section */
		10CFD9532004CECC0038905C /* Main.storyboard */ = {
			isa = PBXVariantGroup;
			children = (
				10CFD9542004CECC0038905C /* Base */,
			);
			name = Main.storyboard;
			sourceTree = "<group>";
		};
		10CFD9582004CECC0038905C /* LaunchScreen.storyboard */ = {
			isa = PBXVariantGroup;
			children = (
				10CFD9592004CECC0038905C /* Base */,
			);
			name = LaunchScreen.storyboard;
			sourceTree = "<group>";
		};
/* End PBXVariantGroup section */

/* Begin XCBuildConfiguration section */
		10CFD95C2004CECC0038905C /* Debug */ = {
			isa = XCBuildConfiguration;
			buildSettings = {
				ALWAYS_SEARCH_USER_PATHS = NO;
				CLANG_ANALYZER_NONNULL = YES;
				CLANG_ANALYZER_NUMBER_OBJECT_CONVERSION = YES_AGGRESSIVE;
				CLANG_CXX_LANGUAGE_STANDARD = "gnu++14";
				CLANG_CXX_LIBRARY = "libc++";
				CLANG_ENABLE_MODULES = YES;
				CLANG_ENABLE_OBJC_ARC = YES;
				CLANG_WARN_BLOCK_CAPTURE_AUTORELEASING = YES;
				CLANG_WARN_BOOL_CONVERSION = YES;
				CLANG_WARN_COMMA = YES;
				CLANG_WARN_CONSTANT_CONVERSION = YES;
				CLANG_WARN_DIRECT_OBJC_ISA_USAGE = YES_ERROR;
				CLANG_WARN_DOCUMENTATION_COMMENTS = YES;
				CLANG_WARN_EMPTY_BODY = YES;
				CLANG_WARN_ENUM_CONVERSION = YES;
				CLANG_WARN_INFINITE_RECURSION = YES;
				CLANG_WARN_INT_CONVERSION = YES;
				CLANG_WARN_NON_LITERAL_NULL_CONVERSION = YES;
				CLANG_WARN_OBJC_LITERAL_CONVERSION = YES;
				CLANG_WARN_OBJC_ROOT_CLASS = YES_ERROR;
				CLANG_WARN_RANGE_LOOP_ANALYSIS = YES;
				CLANG_WARN_STRICT_PROTOTYPES = YES;
				CLANG_WARN_SUSPICIOUS_MOVE = YES;
				CLANG_WARN_UNGUARDED_AVAILABILITY = YES_AGGRESSIVE;
				CLANG_WARN_UNREACHABLE_CODE = YES;
				CLANG_WARN__DUPLICATE_METHOD_MATCH = YES;
				CODE_SIGN_IDENTITY = "iPhone Developer";
				COPY_PHASE_STRIP = NO;
				DEBUG_INFORMATION_FORMAT = dwarf;
				ENABLE_STRICT_OBJC_MSGSEND = YES;
				ENABLE_TESTABILITY = YES;
				GCC_C_LANGUAGE_STANDARD = gnu11;
				GCC_DYNAMIC_NO_PIC = NO;
				GCC_NO_COMMON_BLOCKS = YES;
				GCC_OPTIMIZATION_LEVEL = 0;
				GCC_PREPROCESSOR_DEFINITIONS = (
					"DEBUG=1",
					"$(inherited)",
				);
				GCC_WARN_64_TO_32_BIT_CONVERSION = YES;
				GCC_WARN_ABOUT_RETURN_TYPE = YES_ERROR;
				GCC_WARN_UNDECLARED_SELECTOR = YES;
				GCC_WARN_UNINITIALIZED_AUTOS = YES_AGGRESSIVE;
				GCC_WARN_UNUSED_FUNCTION = YES;
				GCC_WARN_UNUSED_VARIABLE = YES;
				IPHONEOS_DEPLOYMENT_TARGET = 11.2;
				MTL_ENABLE_DEBUG_INFO = YES;
				ONLY_ACTIVE_ARCH = YES;
				SDKROOT = iphoneos;
				SWIFT_ACTIVE_COMPILATION_CONDITIONS = DEBUG;
				SWIFT_OPTIMIZATION_LEVEL = "-Onone";
			};
			name = Debug;
		};
		10CFD95D2004CECC0038905C /* Release */ = {
			isa = XCBuildConfiguration;
			buildSettings = {
				ALWAYS_SEARCH_USER_PATHS = NO;
				CLANG_ANALYZER_NONNULL = YES;
				CLANG_ANALYZER_NUMBER_OBJECT_CONVERSION = YES_AGGRESSIVE;
				CLANG_CXX_LANGUAGE_STANDARD = "gnu++14";
				CLANG_CXX_LIBRARY = "libc++";
				CLANG_ENABLE_MODULES = YES;
				CLANG_ENABLE_OBJC_ARC = YES;
				CLANG_WARN_BLOCK_CAPTURE_AUTORELEASING = YES;
				CLANG_WARN_BOOL_CONVERSION = YES;
				CLANG_WARN_COMMA = YES;
				CLANG_WARN_CONSTANT_CONVERSION = YES;
				CLANG_WARN_DIRECT_OBJC_ISA_USAGE = YES_ERROR;
				CLANG_WARN_DOCUMENTATION_COMMENTS = YES;
				CLANG_WARN_EMPTY_BODY = YES;
				CLANG_WARN_ENUM_CONVERSION = YES;
				CLANG_WARN_INFINITE_RECURSION = YES;
				CLANG_WARN_INT_CONVERSION = YES;
				CLANG_WARN_NON_LITERAL_NULL_CONVERSION = YES;
				CLANG_WARN_OBJC_LITERAL_CONVERSION = YES;
				CLANG_WARN_OBJC_ROOT_CLASS = YES_ERROR;
				CLANG_WARN_RANGE_LOOP_ANALYSIS = YES;
				CLANG_WARN_STRICT_PROTOTYPES = YES;
				CLANG_WARN_SUSPICIOUS_MOVE = YES;
				CLANG_WARN_UNGUARDED_AVAILABILITY = YES_AGGRESSIVE;
				CLANG_WARN_UNREACHABLE_CODE = YES;
				CLANG_WARN__DUPLICATE_METHOD_MATCH = YES;
				CODE_SIGN_IDENTITY = "iPhone Developer";
				COPY_PHASE_STRIP = NO;
				DEBUG_INFORMATION_FORMAT = "dwarf-with-dsym";
				ENABLE_NS_ASSERTIONS = NO;
				ENABLE_STRICT_OBJC_MSGSEND = YES;
				GCC_C_LANGUAGE_STANDARD = gnu11;
				GCC_NO_COMMON_BLOCKS = YES;
				GCC_WARN_64_TO_32_BIT_CONVERSION = YES;
				GCC_WARN_ABOUT_RETURN_TYPE = YES_ERROR;
				GCC_WARN_UNDECLARED_SELECTOR = YES;
				GCC_WARN_UNINITIALIZED_AUTOS = YES_AGGRESSIVE;
				GCC_WARN_UNUSED_FUNCTION = YES;
				GCC_WARN_UNUSED_VARIABLE = YES;
				IPHONEOS_DEPLOYMENT_TARGET = 11.2;
				MTL_ENABLE_DEBUG_INFO = NO;
				SDKROOT = iphoneos;
				SWIFT_OPTIMIZATION_LEVEL = "-Owholemodule";
				VALIDATE_PRODUCT = YES;
			};
			name = Release;
		};
		10CFD95F2004CECC0038905C /* Debug */ = {
			isa = XCBuildConfiguration;
			baseConfigurationReference = E8551B58A81725C46B2D4DB4 /* Pods-Breakpoint.debug.xcconfig */;
			buildSettings = {
				ASSETCATALOG_COMPILER_APPICON_NAME = AppIcon;
				CODE_SIGN_STYLE = Automatic;
				DEVELOPMENT_TEAM = M42D57N49Z;
				INFOPLIST_FILE = Breakpoint/Info.plist;
				LD_RUNPATH_SEARCH_PATHS = "$(inherited) @executable_path/Frameworks";
				PRODUCT_BUNDLE_IDENTIFIER = com.HaydenJamieson.Breakpoint;
				PRODUCT_NAME = "$(TARGET_NAME)";
				SWIFT_VERSION = 4.0;
				TARGETED_DEVICE_FAMILY = "1,2";
			};
			name = Debug;
		};
		10CFD9602004CECC0038905C /* Release */ = {
			isa = XCBuildConfiguration;
			baseConfigurationReference = 6CE967A9293186139A0AC57F /* Pods-Breakpoint.release.xcconfig */;
			buildSettings = {
				ASSETCATALOG_COMPILER_APPICON_NAME = AppIcon;
				CODE_SIGN_STYLE = Automatic;
				DEVELOPMENT_TEAM = M42D57N49Z;
				INFOPLIST_FILE = Breakpoint/Info.plist;
				LD_RUNPATH_SEARCH_PATHS = "$(inherited) @executable_path/Frameworks";
				PRODUCT_BUNDLE_IDENTIFIER = com.HaydenJamieson.Breakpoint;
				PRODUCT_NAME = "$(TARGET_NAME)";
				SWIFT_VERSION = 4.0;
				TARGETED_DEVICE_FAMILY = "1,2";
			};
			name = Release;
		};
/* End XCBuildConfiguration section */

/* Begin XCConfigurationList section */
		10CFD9452004CECC0038905C /* Build configuration list for PBXProject "Breakpoint" */ = {
			isa = XCConfigurationList;
			buildConfigurations = (
				10CFD95C2004CECC0038905C /* Debug */,
				10CFD95D2004CECC0038905C /* Release */,
			);
			defaultConfigurationIsVisible = 0;
			defaultConfigurationName = Release;
		};
		10CFD95E2004CECC0038905C /* Build configuration list for PBXNativeTarget "Breakpoint" */ = {
			isa = XCConfigurationList;
			buildConfigurations = (
				10CFD95F2004CECC0038905C /* Debug */,
				10CFD9602004CECC0038905C /* Release */,
			);
			defaultConfigurationIsVisible = 0;
			defaultConfigurationName = Release;
		};
/* End XCConfigurationList section */
	};
	rootObject = 10CFD9422004CECC0038905C /* Project object */;
}
